
Microsoft Visual Studio Solution File, Format Version 12.00
# Visual Studio Version 17
VisualStudioVersion = 17.10.35004.147
MinimumVisualStudioVersion = 10.0.40219.1
Project("{FAE04EC0-301F-11D3-BF4B-00C04F79EFBC}") = "ApiValidacionUsuarios", "ApiValidacionUsuarios.csproj", "{87B1D695-DD92-48A4-9FE1-CF6050FF5BE1}"
EndProject
Global
	GlobalSection(SolutionConfigurationPlatforms) = preSolution
		Debug|Any CPU = Debug|Any CPU
		Release|Any CPU = Release|Any CPU
	EndGlobalSection
	GlobalSection(ProjectConfigurationPlatforms) = postSolution
		{87B1D695-DD92-48A4-9FE1-CF6050FF5BE1}.Debug|Any CPU.ActiveCfg = Debug|Any CPU
		{87B1D695-DD92-48A4-9FE1-CF6050FF5BE1}.Debug|Any CPU.Build.0 = Debug|Any CPU
		{87B1D695-DD92-48A4-9FE1-CF6050FF5BE1}.Release|Any CPU.ActiveCfg = Release|Any CPU
		{87B1D695-DD92-48A4-9FE1-CF6050FF5BE1}.Release|Any CPU.Build.0 = Release|Any CPU
	EndGlobalSection
	GlobalSection(SolutionProperties) = preSolution
		HideSolutionNode = FALSE
	EndGlobalSection
	GlobalSection(ExtensibilityGlobals) = postSolution
		SolutionGuid = {287FBDDF-8780-449C-BC0C-A2D0DBF22E41}
	EndGlobalSection
EndGlobal
